// !$*UTF8*$!
{
	archiveVersion = 1;
	classes = {
	};
	objectVersion = 55;
	objects = {

/* Begin PBXBuildFile section */
		BA0866C92A9E3AA600B4284B /* K.swift in Sources */ = {isa = PBXBuildFile; fileRef = BA0866C82A9E3AA600B4284B /* K.swift */; };
		BA0866CA2A9E3AA600B4284B /* K.swift in Sources */ = {isa = PBXBuildFile; fileRef = BA0866C82A9E3AA600B4284B /* K.swift */; };
		BA0866CB2A9E3AA600B4284B /* K.swift in Sources */ = {isa = PBXBuildFile; fileRef = BA0866C82A9E3AA600B4284B /* K.swift */; };
		BAA65154292D1F3F001842A1 /* H4XOR_NewsApp.swift in Sources */ = {isa = PBXBuildFile; fileRef = BAA65153292D1F3F001842A1 /* H4XOR_NewsApp.swift */; };
		BAA65156292D1F3F001842A1 /* ContentView.swift in Sources */ = {isa = PBXBuildFile; fileRef = BAA65155292D1F3F001842A1 /* ContentView.swift */; };
		BAA65158292D1F40001842A1 /* Assets.xcassets in Resources */ = {isa = PBXBuildFile; fileRef = BAA65157292D1F40001842A1 /* Assets.xcassets */; };
		BAA6515B292D1F40001842A1 /* Preview Assets.xcassets in Resources */ = {isa = PBXBuildFile; fileRef = BAA6515A292D1F40001842A1 /* Preview Assets.xcassets */; };
		BAA65165292D1F40001842A1 /* H4XOR_NewsTests.swift in Sources */ = {isa = PBXBuildFile; fileRef = BAA65164292D1F40001842A1 /* H4XOR_NewsTests.swift */; };
		BAA6516F292D1F40001842A1 /* H4XOR_NewsUITests.swift in Sources */ = {isa = PBXBuildFile; fileRef = BAA6516E292D1F40001842A1 /* H4XOR_NewsUITests.swift */; };
		BAA65171292D1F40001842A1 /* H4XOR_NewsUITestsLaunchTests.swift in Sources */ = {isa = PBXBuildFile; fileRef = BAA65170292D1F40001842A1 /* H4XOR_NewsUITestsLaunchTests.swift */; };
		BAA6517F292D252A001842A1 /* NetwokingManager.swift in Sources */ = {isa = PBXBuildFile; fileRef = BAA6517E292D252A001842A1 /* NetwokingManager.swift */; };
		BAA65181292D63F3001842A1 /* PostData.swift in Sources */ = {isa = PBXBuildFile; fileRef = BAA65180292D63F3001842A1 /* PostData.swift */; };
		BAA65184292D71E3001842A1 /* DetailView.swift in Sources */ = {isa = PBXBuildFile; fileRef = BAA65183292D71E3001842A1 /* DetailView.swift */; };
		BAA65186292E7085001842A1 /* WebView.swift in Sources */ = {isa = PBXBuildFile; fileRef = BAA65185292E7085001842A1 /* WebView.swift */; };
/* End PBXBuildFile section */

/* Begin PBXContainerItemProxy section */
		BAA65161292D1F40001842A1 /* PBXContainerItemProxy */ = {
			isa = PBXContainerItemProxy;
			containerPortal = BAA65148292D1F3F001842A1 /* Project object */;
			proxyType = 1;
			remoteGlobalIDString = BAA6514F292D1F3F001842A1;
			remoteInfo = "H4XOR News";
		};
		BAA6516B292D1F40001842A1 /* PBXContainerItemProxy */ = {
			isa = PBXContainerItemProxy;
			containerPortal = BAA65148292D1F3F001842A1 /* Project object */;
			proxyType = 1;
			remoteGlobalIDString = BAA6514F292D1F3F001842A1;
			remoteInfo = "H4XOR News";
		};
/* End PBXContainerItemProxy section */

/* Begin PBXFileReference section */
		BA0866C82A9E3AA600B4284B /* K.swift */ = {isa = PBXFileReference; lastKnownFileType = sourcecode.swift; path = K.swift; sourceTree = "<group>"; };
		BAA65150292D1F3F001842A1 /* H4XOR News.app */ = {isa = PBXFileReference; explicitFileType = wrapper.application; includeInIndex = 0; path = "H4XOR News.app"; sourceTree = BUILT_PRODUCTS_DIR; };
		BAA65153292D1F3F001842A1 /* H4XOR_NewsApp.swift */ = {isa = PBXFileReference; lastKnownFileType = sourcecode.swift; path = H4XOR_NewsApp.swift; sourceTree = "<group>"; };
		BAA65155292D1F3F001842A1 /* ContentView.swift */ = {isa = PBXFileReference; lastKnownFileType = sourcecode.swift; path = ContentView.swift; sourceTree = "<group>"; };
		BAA65157292D1F40001842A1 /* Assets.xcassets */ = {isa = PBXFileReference; lastKnownFileType = folder.assetcatalog; path = Assets.xcassets; sourceTree = "<group>"; };
		BAA6515A292D1F40001842A1 /* Preview Assets.xcassets */ = {isa = PBXFileReference; lastKnownFileType = folder.assetcatalog; path = "Preview Assets.xcassets"; sourceTree = "<group>"; };
		BAA65160292D1F40001842A1 /* H4XOR NewsTests.xctest */ = {isa = PBXFileReference; explicitFileType = wrapper.cfbundle; includeInIndex = 0; path = "H4XOR NewsTests.xctest"; sourceTree = BUILT_PRODUCTS_DIR; };
		BAA65164292D1F40001842A1 /* H4XOR_NewsTests.swift */ = {isa = PBXFileReference; lastKnownFileType = sourcecode.swift; path = H4XOR_NewsTests.swift; sourceTree = "<group>"; };
		BAA6516A292D1F40001842A1 /* H4XOR NewsUITests.xctest */ = {isa = PBXFileReference; explicitFileType = wrapper.cfbundle; includeInIndex = 0; path = "H4XOR NewsUITests.xctest"; sourceTree = BUILT_PRODUCTS_DIR; };
		BAA6516E292D1F40001842A1 /* H4XOR_NewsUITests.swift */ = {isa = PBXFileReference; lastKnownFileType = sourcecode.swift; path = H4XOR_NewsUITests.swift; sourceTree = "<group>"; };
		BAA65170292D1F40001842A1 /* H4XOR_NewsUITestsLaunchTests.swift */ = {isa = PBXFileReference; lastKnownFileType = sourcecode.swift; path = H4XOR_NewsUITestsLaunchTests.swift; sourceTree = "<group>"; };
		BAA6517E292D252A001842A1 /* NetwokingManager.swift */ = {isa = PBXFileReference; lastKnownFileType = sourcecode.swift; path = NetwokingManager.swift; sourceTree = "<group>"; };
		BAA65180292D63F3001842A1 /* PostData.swift */ = {isa = PBXFileReference; lastKnownFileType = sourcecode.swift; path = PostData.swift; sourceTree = "<group>"; };
		BAA65183292D71E3001842A1 /* DetailView.swift */ = {isa = PBXFileReference; lastKnownFileType = sourcecode.swift; path = DetailView.swift; sourceTree = "<group>"; };
		BAA65185292E7085001842A1 /* WebView.swift */ = {isa = PBXFileReference; lastKnownFileType = sourcecode.swift; path = WebView.swift; sourceTree = "<group>"; };
		BAA65187292E7DF4001842A1 /* H4XOR News.entitlements */ = {isa = PBXFileReference; lastKnownFileType = text.plist.entitlements; path = "H4XOR News.entitlements"; sourceTree = "<group>"; };
/* End PBXFileReference section */

/* Begin PBXFrameworksBuildPhase section */
		BAA6514D292D1F3F001842A1 /* Frameworks */ = {
			isa = PBXFrameworksBuildPhase;
			buildActionMask = 2147483647;
			files = (
			);
			runOnlyForDeploymentPostprocessing = 0;
		};
		BAA6515D292D1F40001842A1 /* Frameworks */ = {
			isa = PBXFrameworksBuildPhase;
			buildActionMask = 2147483647;
			files = (
			);
			runOnlyForDeploymentPostprocessing = 0;
		};
		BAA65167292D1F40001842A1 /* Frameworks */ = {
			isa = PBXFrameworksBuildPhase;
			buildActionMask = 2147483647;
			files = (
			);
			runOnlyForDeploymentPostprocessing = 0;
		};
/* End PBXFrameworksBuildPhase section */

/* Begin PBXGroup section */
		BAA65147292D1F3F001842A1 = {
			isa = PBXGroup;
			children = (
				BAA65152292D1F3F001842A1 /* H4XOR News */,
				BAA65151292D1F3F001842A1 /* Products */,
			);
			sourceTree = "<group>";
		};
		BAA65151292D1F3F001842A1 /* Products */ = {
			isa = PBXGroup;
			children = (
				BAA65150292D1F3F001842A1 /* H4XOR News.app */,
				BAA65160292D1F40001842A1 /* H4XOR NewsTests.xctest */,
				BAA6516A292D1F40001842A1 /* H4XOR NewsUITests.xctest */,
			);
			name = Products;
			sourceTree = "<group>";
		};
		BAA65152292D1F3F001842A1 /* H4XOR News */ = {
			isa = PBXGroup;
			children = (
				BAA65187292E7DF4001842A1 /* H4XOR News.entitlements */,
				BAA65182292D71BE001842A1 /* views */,
				BAA65153292D1F3F001842A1 /* H4XOR_NewsApp.swift */,
				BAA65155292D1F3F001842A1 /* ContentView.swift */,
				BAA65157292D1F40001842A1 /* Assets.xcassets */,
				BAA6517D292D24F9001842A1 /* Models */,
				BAA65159292D1F40001842A1 /* Preview Content */,
			);
			path = "H4XOR News";
			sourceTree = "<group>";
		};
		BAA65159292D1F40001842A1 /* Preview Content */ = {
			isa = PBXGroup;
			children = (
				BAA65163292D1F40001842A1 /* H4XOR NewsTests */,
				BAA6515A292D1F40001842A1 /* Preview Assets.xcassets */,
				BAA6516D292D1F40001842A1 /* H4XOR NewsUITests */,
			);
			path = "Preview Content";
			sourceTree = "<group>";
		};
		BAA65163292D1F40001842A1 /* H4XOR NewsTests */ = {
			isa = PBXGroup;
			children = (
				BAA65164292D1F40001842A1 /* H4XOR_NewsTests.swift */,
			);
			path = "H4XOR NewsTests";
			sourceTree = "<group>";
		};
		BAA6516D292D1F40001842A1 /* H4XOR NewsUITests */ = {
			isa = PBXGroup;
			children = (
				BAA6516E292D1F40001842A1 /* H4XOR_NewsUITests.swift */,
				BAA65170292D1F40001842A1 /* H4XOR_NewsUITestsLaunchTests.swift */,
			);
			path = "H4XOR NewsUITests";
			sourceTree = "<group>";
		};
		BAA6517D292D24F9001842A1 /* Models */ = {
			isa = PBXGroup;
			children = (
				BAA6517E292D252A001842A1 /* NetwokingManager.swift */,
				BAA65180292D63F3001842A1 /* PostData.swift */,
				BA0866C82A9E3AA600B4284B /* K.swift */,
			);
			path = Models;
			sourceTree = "<group>";
		};
		BAA65182292D71BE001842A1 /* views */ = {
			isa = PBXGroup;
			children = (
				BAA65183292D71E3001842A1 /* DetailView.swift */,
				BAA65185292E7085001842A1 /* WebView.swift */,
			);
			path = views;
			sourceTree = "<group>";
		};
/* End PBXGroup section */

/* Begin PBXNativeTarget section */
		BAA6514F292D1F3F001842A1 /* H4XOR News */ = {
			isa = PBXNativeTarget;
			buildConfigurationList = BAA65174292D1F40001842A1 /* Build configuration list for PBXNativeTarget "H4XOR News" */;
			buildPhases = (
				BAA6514C292D1F3F001842A1 /* Sources */,
				BAA6514D292D1F3F001842A1 /* Frameworks */,
				BAA6514E292D1F3F001842A1 /* Resources */,
			);
			buildRules = (
			);
			dependencies = (
			);
			name = "H4XOR News";
			productName = "H4XOR News";
			productReference = BAA65150292D1F3F001842A1 /* H4XOR News.app */;
			productType = "com.apple.product-type.application";
		};
		BAA6515F292D1F40001842A1 /* H4XOR NewsTests */ = {
			isa = PBXNativeTarget;
			buildConfigurationList = BAA65177292D1F40001842A1 /* Build configuration list for PBXNativeTarget "H4XOR NewsTests" */;
			buildPhases = (
				BAA6515C292D1F40001842A1 /* Sources */,
				BAA6515D292D1F40001842A1 /* Frameworks */,
				BAA6515E292D1F40001842A1 /* Resources */,
			);
			buildRules = (
			);
			dependencies = (
				BAA65162292D1F40001842A1 /* PBXTargetDependency */,
			);
			name = "H4XOR NewsTests";
			productName = "H4XOR NewsTests";
			productReference = BAA65160292D1F40001842A1 /* H4XOR NewsTests.xctest */;
			productType = "com.apple.product-type.bundle.unit-test";
		};
		BAA65169292D1F40001842A1 /* H4XOR NewsUITests */ = {
			isa = PBXNativeTarget;
			buildConfigurationList = BAA6517A292D1F40001842A1 /* Build configuration list for PBXNativeTarget "H4XOR NewsUITests" */;
			buildPhases = (
				BAA65166292D1F40001842A1 /* Sources */,
				BAA65167292D1F40001842A1 /* Frameworks */,
				BAA65168292D1F40001842A1 /* Resources */,
			);
			buildRules = (
			);
			dependencies = (
				BAA6516C292D1F40001842A1 /* PBXTargetDependency */,
			);
			name = "H4XOR NewsUITests";
			productName = "H4XOR NewsUITests";
			productReference = BAA6516A292D1F40001842A1 /* H4XOR NewsUITests.xctest */;
			productType = "com.apple.product-type.bundle.ui-testing";
		};
/* End PBXNativeTarget section */

/* Begin PBXProject section */
		BAA65148292D1F3F001842A1 /* Project object */ = {
			isa = PBXProject;
			attributes = {
				BuildIndependentTargetsInParallel = 1;
				LastSwiftUpdateCheck = 1340;
				LastUpgradeCheck = 1340;
				TargetAttributes = {
					BAA6514F292D1F3F001842A1 = {
						CreatedOnToolsVersion = 13.4.1;
					};
					BAA6515F292D1F40001842A1 = {
						CreatedOnToolsVersion = 13.4.1;
						TestTargetID = BAA6514F292D1F3F001842A1;
					};
					BAA65169292D1F40001842A1 = {
						CreatedOnToolsVersion = 13.4.1;
						TestTargetID = BAA6514F292D1F3F001842A1;
					};
				};
			};
			buildConfigurationList = BAA6514B292D1F3F001842A1 /* Build configuration list for PBXProject "H4XOR News" */;
			compatibilityVersion = "Xcode 13.0";
			developmentRegion = en;
			hasScannedForEncodings = 0;
			knownRegions = (
				en,
				Base,
			);
			mainGroup = BAA65147292D1F3F001842A1;
			productRefGroup = BAA65151292D1F3F001842A1 /* Products */;
			projectDirPath = "";
			projectRoot = "";
			targets = (
				BAA6514F292D1F3F001842A1 /* H4XOR News */,
				BAA6515F292D1F40001842A1 /* H4XOR NewsTests */,
				BAA65169292D1F40001842A1 /* H4XOR NewsUITests */,
			);
		};
/* End PBXProject section */

/* Begin PBXResourcesBuildPhase section */
		BAA6514E292D1F3F001842A1 /* Resources */ = {
			isa = PBXResourcesBuildPhase;
			buildActionMask = 2147483647;
			files = (
				BAA6515B292D1F40001842A1 /* Preview Assets.xcassets in Resources */,
				BAA65158292D1F40001842A1 /* Assets.xcassets in Resources */,
			);
			runOnlyForDeploymentPostprocessing = 0;
		};
		BAA6515E292D1F40001842A1 /* Resources */ = {
			isa = PBXResourcesBuildPhase;
			buildActionMask = 2147483647;
			files = (
			);
			runOnlyForDeploymentPostprocessing = 0;
		};
		BAA65168292D1F40001842A1 /* Resources */ = {
			isa = PBXResourcesBuildPhase;
			buildActionMask = 2147483647;
			files = (
			);
			runOnlyForDeploymentPostprocessing = 0;
		};
/* End PBXResourcesBuildPhase section */

/* Begin PBXSourcesBuildPhase section */
		BAA6514C292D1F3F001842A1 /* Sources */ = {
			isa = PBXSourcesBuildPhase;
			buildActionMask = 2147483647;
			files = (
				BAA65156292D1F3F001842A1 /* ContentView.swift in Sources */,
				BA0866C92A9E3AA600B4284B /* K.swift in Sources */,
				BAA65181292D63F3001842A1 /* PostData.swift in Sources */,
				BAA6517F292D252A001842A1 /* NetwokingManager.swift in Sources */,
				BAA65186292E7085001842A1 /* WebView.swift in Sources */,
				BAA65184292D71E3001842A1 /* DetailView.swift in Sources */,
				BAA65154292D1F3F001842A1 /* H4XOR_NewsApp.swift in Sources */,
			);
			runOnlyForDeploymentPostprocessing = 0;
		};
		BAA6515C292D1F40001842A1 /* Sources */ = {
			isa = PBXSourcesBuildPhase;
			buildActionMask = 2147483647;
			files = (
				BAA65165292D1F40001842A1 /* H4XOR_NewsTests.swift in Sources */,
				BA0866CA2A9E3AA600B4284B /* K.swift in Sources */,
			);
			runOnlyForDeploymentPostprocessing = 0;
		};
		BAA65166292D1F40001842A1 /* Sources */ = {
			isa = PBXSourcesBuildPhase;
			buildActionMask = 2147483647;
			files = (
				BA0866CB2A9E3AA600B4284B /* K.swift in Sources */,
				BAA6516F292D1F40001842A1 /* H4XOR_NewsUITests.swift in Sources */,
				BAA65171292D1F40001842A1 /* H4XOR_NewsUITestsLaunchTests.swift in Sources */,
			);
			runOnlyForDeploymentPostprocessing = 0;
		};
/* End PBXSourcesBuildPhase section */

/* Begin PBXTargetDependency section */
		BAA65162292D1F40001842A1 /* PBXTargetDependency */ = {
			isa = PBXTargetDependency;
			target = BAA6514F292D1F3F001842A1 /* H4XOR News */;
			targetProxy = BAA65161292D1F40001842A1 /* PBXContainerItemProxy */;
		};
		BAA6516C292D1F40001842A1 /* PBXTargetDependency */ = {
			isa = PBXTargetDependency;
			target = BAA6514F292D1F3F001842A1 /* H4XOR News */;
			targetProxy = BAA6516B292D1F40001842A1 /* PBXContainerItemProxy */;
		};
/* End PBXTargetDependency section */

/* Begin XCBuildConfiguration section */
		BAA65172292D1F40001842A1 /* Debug */ = {
			isa = XCBuildConfiguration;
			buildSettings = {
				ALWAYS_SEARCH_USER_PATHS = NO;
				CLANG_ANALYZER_NONNULL = YES;
				CLANG_ANALYZER_NUMBER_OBJECT_CONVERSION = YES_AGGRESSIVE;
				CLANG_CXX_LANGUAGE_STANDARD = "gnu++17";
				CLANG_ENABLE_MODULES = YES;
				CLANG_ENABLE_OBJC_ARC = YES;
				CLANG_ENABLE_OBJC_WEAK = YES;
				CLANG_WARN_BLOCK_CAPTURE_AUTORELEASING = YES;
				CLANG_WARN_BOOL_CONVERSION = YES;
				CLANG_WARN_COMMA = YES;
				CLANG_WARN_CONSTANT_CONVERSION = YES;
				CLANG_WARN_DEPRECATED_OBJC_IMPLEMENTATIONS = YES;
				CLANG_WARN_DIRECT_OBJC_ISA_USAGE = YES_ERROR;
				CLANG_WARN_DOCUMENTATION_COMMENTS = YES;
				CLANG_WARN_EMPTY_BODY = YES;
				CLANG_WARN_ENUM_CONVERSION = YES;
				CLANG_WARN_INFINITE_RECURSION = YES;
				CLANG_WARN_INT_CONVERSION = YES;
				CLANG_WARN_NON_LITERAL_NULL_CONVERSION = YES;
				CLANG_WARN_OBJC_IMPLICIT_RETAIN_SELF = YES;
				CLANG_WARN_OBJC_LITERAL_CONVERSION = YES;
				CLANG_WARN_OBJC_ROOT_CLASS = YES_ERROR;
				CLANG_WARN_QUOTED_INCLUDE_IN_FRAMEWORK_HEADER = YES;
				CLANG_WARN_RANGE_LOOP_ANALYSIS = YES;
				CLANG_WARN_STRICT_PROTOTYPES = YES;
				CLANG_WARN_SUSPICIOUS_MOVE = YES;
				CLANG_WARN_UNGUARDED_AVAILABILITY = YES_AGGRESSIVE;
				CLANG_WARN_UNREACHABLE_CODE = YES;
				CLANG_WARN__DUPLICATE_METHOD_MATCH = YES;
				COPY_PHASE_STRIP = NO;
				DEBUG_INFORMATION_FORMAT = dwarf;
				ENABLE_STRICT_OBJC_MSGSEND = YES;
				ENABLE_TESTABILITY = YES;
				GCC_C_LANGUAGE_STANDARD = gnu11;
				GCC_DYNAMIC_NO_PIC = NO;
				GCC_NO_COMMON_BLOCKS = YES;
				GCC_OPTIMIZATION_LEVEL = 0;
				GCC_PREPROCESSOR_DEFINITIONS = (
					"DEBUG=1",
					"$(inherited)",
				);
				GCC_WARN_64_TO_32_BIT_CONVERSION = YES;
				GCC_WARN_ABOUT_RETURN_TYPE = YES_ERROR;
				GCC_WARN_UNDECLARED_SELECTOR = YES;
				GCC_WARN_UNINITIALIZED_AUTOS = YES_AGGRESSIVE;
				GCC_WARN_UNUSED_FUNCTION = YES;
				GCC_WARN_UNUSED_VARIABLE = YES;
				IPHONEOS_DEPLOYMENT_TARGET = 15.5;
				MTL_ENABLE_DEBUG_INFO = INCLUDE_SOURCE;
				MTL_FAST_MATH = YES;
				ONLY_ACTIVE_ARCH = YES;
				SDKROOT = iphoneos;
				SWIFT_ACTIVE_COMPILATION_CONDITIONS = DEBUG;
				SWIFT_OPTIMIZATION_LEVEL = "-Onone";
			};
			name = Debug;
		};
		BAA65173292D1F40001842A1 /* Release */ = {
			isa = XCBuildConfiguration;
			buildSettings = {
				ALWAYS_SEARCH_USER_PATHS = NO;
				CLANG_ANALYZER_NONNULL = YES;
				CLANG_ANALYZER_NUMBER_OBJECT_CONVERSION = YES_AGGRESSIVE;
				CLANG_CXX_LANGUAGE_STANDARD = "gnu++17";
				CLANG_ENABLE_MODULES = YES;
				CLANG_ENABLE_OBJC_ARC = YES;
				CLANG_ENABLE_OBJC_WEAK = YES;
				CLANG_WARN_BLOCK_CAPTURE_AUTORELEASING = YES;
				CLANG_WARN_BOOL_CONVERSION = YES;
				CLANG_WARN_COMMA = YES;
				CLANG_WARN_CONSTANT_CONVERSION = YES;
				CLANG_WARN_DEPRECATED_OBJC_IMPLEMENTATIONS = YES;
				CLANG_WARN_DIRECT_OBJC_ISA_USAGE = YES_ERROR;
				CLANG_WARN_DOCUMENTATION_COMMENTS = YES;
				CLANG_WARN_EMPTY_BODY = YES;
				CLANG_WARN_ENUM_CONVERSION = YES;
				CLANG_WARN_INFINITE_RECURSION = YES;
				CLANG_WARN_INT_CONVERSION = YES;
				CLANG_WARN_NON_LITERAL_NULL_CONVERSION = YES;
				CLANG_WARN_OBJC_IMPLICIT_RETAIN_SELF = YES;
				CLANG_WARN_OBJC_LITERAL_CONVERSION = YES;
				CLANG_WARN_OBJC_ROOT_CLASS = YES_ERROR;
				CLANG_WARN_QUOTED_INCLUDE_IN_FRAMEWORK_HEADER = YES;
				CLANG_WARN_RANGE_LOOP_ANALYSIS = YES;
				CLANG_WARN_STRICT_PROTOTYPES = YES;
				CLANG_WARN_SUSPICIOUS_MOVE = YES;
				CLANG_WARN_UNGUARDED_AVAILABILITY = YES_AGGRESSIVE;
				CLANG_WARN_UNREACHABLE_CODE = YES;
				CLANG_WARN__DUPLICATE_METHOD_MATCH = YES;
				COPY_PHASE_STRIP = NO;
				DEBUG_INFORMATION_FORMAT = "dwarf-with-dsym";
				ENABLE_NS_ASSERTIONS = NO;
				ENABLE_STRICT_OBJC_MSGSEND = YES;
				GCC_C_LANGUAGE_STANDARD = gnu11;
				GCC_NO_COMMON_BLOCKS = YES;
				GCC_WARN_64_TO_32_BIT_CONVERSION = YES;
				GCC_WARN_ABOUT_RETURN_TYPE = YES_ERROR;
				GCC_WARN_UNDECLARED_SELECTOR = YES;
				GCC_WARN_UNINITIALIZED_AUTOS = YES_AGGRESSIVE;
				GCC_WARN_UNUSED_FUNCTION = YES;
				GCC_WARN_UNUSED_VARIABLE = YES;
				IPHONEOS_DEPLOYMENT_TARGET = 15.5;
				MTL_ENABLE_DEBUG_INFO = NO;
				MTL_FAST_MATH = YES;
				SDKROOT = iphoneos;
				SWIFT_COMPILATION_MODE = wholemodule;
				SWIFT_OPTIMIZATION_LEVEL = "-O";
				VALIDATE_PRODUCT = YES;
			};
			name = Release;
		};
		BAA65175292D1F40001842A1 /* Debug */ = {
			isa = XCBuildConfiguration;
			buildSettings = {
				ASSETCATALOG_COMPILER_APPICON_NAME = AppIcon;
				ASSETCATALOG_COMPILER_GLOBAL_ACCENT_COLOR_NAME = AccentColor;
				CODE_SIGN_ENTITLEMENTS = "H4XOR News/H4XOR News.entitlements";
				"CODE_SIGN_IDENTITY[sdk=macosx*]" = "Apple Development";
				CODE_SIGN_STYLE = Automatic;
				CURRENT_PROJECT_VERSION = 1;
				DEVELOPMENT_ASSET_PATHS = "\"H4XOR News/Preview Content\"";
				DEVELOPMENT_TEAM = 29XK6765HS;
				ENABLE_PREVIEWS = YES;
				GENERATE_INFOPLIST_FILE = YES;
				INFOPLIST_KEY_UIApplicationSceneManifest_Generation = YES;
				INFOPLIST_KEY_UIApplicationSupportsIndirectInputEvents = YES;
				INFOPLIST_KEY_UILaunchScreen_Generation = YES;
				INFOPLIST_KEY_UISupportedInterfaceOrientations_iPad = "UIInterfaceOrientationPortrait UIInterfaceOrientationPortraitUpsideDown UIInterfaceOrientationLandscapeLeft UIInterfaceOrientationLandscapeRight";
				INFOPLIST_KEY_UISupportedInterfaceOrientations_iPhone = "UIInterfaceOrientationPortrait UIInterfaceOrientationLandscapeLeft UIInterfaceOrientationLandscapeRight";
				LD_RUNPATH_SEARCH_PATHS = (
					"$(inherited)",
					"@executable_path/Frameworks",
				);
				MARKETING_VERSION = 1.0;
				PRODUCT_BUNDLE_IDENTIFIER = "com.hodayaR.H4XOR-News";
				PRODUCT_NAME = "$(TARGET_NAME)";
				SUPPORTS_MACCATALYST = YES;
				SWIFT_EMIT_LOC_STRINGS = YES;
				SWIFT_VERSION = 5.0;
				TARGETED_DEVICE_FAMILY = "1,2";
			};
			name = Debug;
		};
		BAA65176292D1F40001842A1 /* Release */ = {
			isa = XCBuildConfiguration;
			buildSettings = {
				ASSETCATALOG_COMPILER_APPICON_NAME = AppIcon;
				ASSETCATALOG_COMPILER_GLOBAL_ACCENT_COLOR_NAME = AccentColor;
				CODE_SIGN_ENTITLEMENTS = "H4XOR News/H4XOR News.entitlements";
				"CODE_SIGN_IDENTITY[sdk=macosx*]" = "Apple Development";
				CODE_SIGN_STYLE = Automatic;
				CURRENT_PROJECT_VERSION = 1;
				DEVELOPMENT_ASSET_PATHS = "\"H4XOR News/Preview Content\"";
				DEVELOPMENT_TEAM = 29XK6765HS;
				ENABLE_PREVIEWS = YES;
				GENERATE_INFOPLIST_FILE = YES;
				INFOPLIST_KEY_UIApplicationSceneManifest_Generation = YES;
				INFOPLIST_KEY_UIApplicationSupportsIndirectInputEvents = YES;
				INFOPLIST_KEY_UILaunchScreen_Generation = YES;
				INFOPLIST_KEY_UISupportedInterfaceOrientations_iPad = "UIInterfaceOrientationPortrait UIInterfaceOrientationPortraitUpsideDown UIInterfaceOrientationLandscapeLeft UIInterfaceOrientationLandscapeRight";
				INFOPLIST_KEY_UISupportedInterfaceOrientations_iPhone = "UIInterfaceOrientationPortrait UIInterfaceOrientationLandscapeLeft UIInterfaceOrientationLandscapeRight";
				LD_RUNPATH_SEARCH_PATHS = (
					"$(inherited)",
					"@executable_path/Frameworks",
				);
				MARKETING_VERSION = 1.0;
				PRODUCT_BUNDLE_IDENTIFIER = "com.hodayaR.H4XOR-News";
				PRODUCT_NAME = "$(TARGET_NAME)";
				SUPPORTS_MACCATALYST = YES;
				SWIFT_EMIT_LOC_STRINGS = YES;
				SWIFT_VERSION = 5.0;
				TARGETED_DEVICE_FAMILY = "1,2";
			};
			name = Release;
		};
		BAA65178292D1F40001842A1 /* Debug */ = {
			isa = XCBuildConfiguration;
			buildSettings = {
				ALWAYS_EMBED_SWIFT_STANDARD_LIBRARIES = YES;
				BUNDLE_LOADER = "$(TEST_HOST)";
				CODE_SIGN_STYLE = Automatic;
				CURRENT_PROJECT_VERSION = 1;
				DEVELOPMENT_TEAM = 29XK6765HS;
				GENERATE_INFOPLIST_FILE = YES;
				IPHONEOS_DEPLOYMENT_TARGET = 15.5;
				MARKETING_VERSION = 1.0;
				PRODUCT_BUNDLE_IDENTIFIER = "com.hodayaR.H4XOR-NewsTests";
				PRODUCT_NAME = "$(TARGET_NAME)";
				SWIFT_EMIT_LOC_STRINGS = NO;
				SWIFT_VERSION = 5.0;
				TARGETED_DEVICE_FAMILY = "1,2";
				TEST_HOST = "$(BUILT_PRODUCTS_DIR)/H4XOR News.app/H4XOR News";
			};
			name = Debug;
		};
		BAA65179292D1F40001842A1 /* Release */ = {
			isa = XCBuildConfiguration;
			buildSettings = {
				ALWAYS_EMBED_SWIFT_STANDARD_LIBRARIES = YES;
				BUNDLE_LOADER = "$(TEST_HOST)";
				CODE_SIGN_STYLE = Automatic;
				CURRENT_PROJECT_VERSION = 1;
				DEVELOPMENT_TEAM = 29XK6765HS;
				GENERATE_INFOPLIST_FILE = YES;
				IPHONEOS_DEPLOYMENT_TARGET = 15.5;
				MARKETING_VERSION = 1.0;
				PRODUCT_BUNDLE_IDENTIFIER = "com.hodayaR.H4XOR-NewsTests";
				PRODUCT_NAME = "$(TARGET_NAME)";
				SWIFT_EMIT_LOC_STRINGS = NO;
				SWIFT_VERSION = 5.0;
				TARGETED_DEVICE_FAMILY = "1,2";
				TEST_HOST = "$(BUILT_PRODUCTS_DIR)/H4XOR News.app/H4XOR News";
			};
			name = Release;
		};
		BAA6517B292D1F40001842A1 /* Debug */ = {
			isa = XCBuildConfiguration;
			buildSettings = {
				ALWAYS_EMBED_SWIFT_STANDARD_LIBRARIES = YES;
				CODE_SIGN_STYLE = Automatic;
				CURRENT_PROJECT_VERSION = 1;
				DEVELOPMENT_TEAM = 29XK6765HS;
				GENERATE_INFOPLIST_FILE = YES;
				MARKETING_VERSION = 1.0;
				PRODUCT_BUNDLE_IDENTIFIER = "com.hodayaR.H4XOR-NewsUITests";
				PRODUCT_NAME = "$(TARGET_NAME)";
				SWIFT_EMIT_LOC_STRINGS = NO;
				SWIFT_VERSION = 5.0;
				TARGETED_DEVICE_FAMILY = "1,2";
				TEST_TARGET_NAME = "H4XOR News";
			};
			name = Debug;
		};
		BAA6517C292D1F40001842A1 /* Release */ = {
			isa = XCBuildConfiguration;
			buildSettings = {
				ALWAYS_EMBED_SWIFT_STANDARD_LIBRARIES = YES;
				CODE_SIGN_STYLE = Automatic;
				CURRENT_PROJECT_VERSION = 1;
				DEVELOPMENT_TEAM = 29XK6765HS;
				GENERATE_INFOPLIST_FILE = YES;
				MARKETING_VERSION = 1.0;
				PRODUCT_BUNDLE_IDENTIFIER = "com.hodayaR.H4XOR-NewsUITests";
				PRODUCT_NAME = "$(TARGET_NAME)";
				SWIFT_EMIT_LOC_STRINGS = NO;
				SWIFT_VERSION = 5.0;
				TARGETED_DEVICE_FAMILY = "1,2";
				TEST_TARGET_NAME = "H4XOR News";
			};
			name = Release;
		};
/* End XCBuildConfiguration section */

/* Begin XCConfigurationList section */
		BAA6514B292D1F3F001842A1 /* Build configuration list for PBXProject "H4XOR News" */ = {
			isa = XCConfigurationList;
			buildConfigurations = (
				BAA65172292D1F40001842A1 /* Debug */,
				BAA65173292D1F40001842A1 /* Release */,
			);
			defaultConfigurationIsVisible = 0;
			defaultConfigurationName = Release;
		};
		BAA65174292D1F40001842A1 /* Build configuration list for PBXNativeTarget "H4XOR News" */ = {
			isa = XCConfigurationList;
			buildConfigurations = (
				BAA65175292D1F40001842A1 /* Debug */,
				BAA65176292D1F40001842A1 /* Release */,
			);
			defaultConfigurationIsVisible = 0;
			defaultConfigurationName = Release;
		};
		BAA65177292D1F40001842A1 /* Build configuration list for PBXNativeTarget "H4XOR NewsTests" */ = {
			isa = XCConfigurationList;
			buildConfigurations = (
				BAA65178292D1F40001842A1 /* Debug */,
				BAA65179292D1F40001842A1 /* Release */,
			);
			defaultConfigurationIsVisible = 0;
			defaultConfigurationName = Release;
		};
		BAA6517A292D1F40001842A1 /* Build configuration list for PBXNativeTarget "H4XOR NewsUITests" */ = {
			isa = XCConfigurationList;
			buildConfigurations = (
				BAA6517B292D1F40001842A1 /* Debug */,
				BAA6517C292D1F40001842A1 /* Release */,
			);
			defaultConfigurationIsVisible = 0;
			defaultConfigurationName = Release;
		};
/* End XCConfigurationList section */
	};
	rootObject = BAA65148292D1F3F001842A1 /* Project object */;
}
